
Microsoft Visual Studio Solution File, Format Version 12.00
# Visual Studio Version 17
VisualStudioVersion = 17.13.35931.197 d17.13
MinimumVisualStudioVersion = 10.0.40219.1
Project("{FAE04EC0-301F-11D3-BF4B-00C04F79EFBC}") = "CreationHelper", "CreationHelper\CreationHelper.csproj", "{AAE93E1A-4C3C-442F-957E-AD4E9D698499}"
EndProject
Global
	GlobalSection(SolutionConfigurationPlatforms) = preSolution
		Debug|Any CPU = Debug|Any CPU
		Release|Any CPU = Release|Any CPU
	EndGlobalSection
	GlobalSection(ProjectConfigurationPlatforms) = postSolution
		{AAE93E1A-4C3C-442F-957E-AD4E9D698499}.Debug|Any CPU.ActiveCfg = Debug|Any CPU
		{AAE93E1A-4C3C-442F-957E-AD4E9D698499}.Debug|Any CPU.Build.0 = Debug|Any CPU
		{AAE93E1A-4C3C-442F-957E-AD4E9D698499}.Release|Any CPU.ActiveCfg = Release|Any CPU
		{AAE93E1A-4C3C-442F-957E-AD4E9D698499}.Release|Any CPU.Build.0 = Release|Any CPU
	EndGlobalSection
	GlobalSection(SolutionProperties) = preSolution
		HideSolutionNode = FALSE
	EndGlobalSection
	GlobalSection(ExtensibilityGlobals) = postSolution
		SolutionGuid = {551E8E2B-30DF-4274-ACD0-D37CB5FA2139}
	EndGlobalSection
EndGlobal
